{
  "name": "data-binding-tutorial",
  "version": "1.0.0",
  "lockfileVersion": 3,
  "requires": true,
  "packages": {
    "": {
      "name": "data-binding-tutorial",
      "version": "1.0.0",
      "dependencies": {
        "@openui5/sap.m": "^1",
        "@openui5/sap.ui.core": "^1",
        "@openui5/sap.ui.layout": "^1",
        "@openui5/themelib_sap_belize": "^1"
      }
    },
    "node_modules/@openui5/sap.m": {
      "version": "1.118.0",
      "resolved": "https://registry.npmjs.org/@openui5/sap.m/-/sap.m-1.118.0.tgz",
      "integrity": "sha512-PXZUhHgmnb+Wk+twyOlO9VZysbnKx1qnjBoz29Z1y6dXDA7lTienccZD10JecI9WMWGbXBBwwA7LbEwnIlpOtA==",
      "dependencies": {
        "@openui5/sap.ui.core": "1.118.0",
        "@openui5/sap.ui.layout": "1.118.0",
        "@openui5/sap.ui.unified": "1.118.0"
      }
    },
    "node_modules/@openui5/sap.ui.core": {
      "version": "1.118.0",
      "resolved": "https://registry.npmjs.org/@openui5/sap.ui.core/-/sap.ui.core-1.118.0.tgz",
      "integrity": "sha512-2QEAbRru9jttEhK823RvjzK0RtM2YLQXrW1BkcZAViGwH2solGguSnWlKewUKurPK1dZqJqp+ZYsPqfRvnsEdg=="
    },
    "node_modules/@openui5/sap.ui.layout": {
      "version": "1.118.0",
      "resolved": "https://registry.npmjs.org/@openui5/sap.ui.layout/-/sap.ui.layout-1.118.0.tgz",
      "integrity": "sha512-tq1pDoz1V6iUrMIqJnSWxjSroWDVecWoMN4W2xG44LAJAPxPw/algBnlqP5wve6GwQVMZAaUV4iFsh7oAN1Dsg==",
      "dependencies": {
        "@openui5/sap.ui.core": "1.118.0"
      }
    },
    "node_modules/@openui5/sap.ui.unified": {
      "version": "1.118.0",
      "resolved": "https://registry.npmjs.org/@openui5/sap.ui.unified/-/sap.ui.unified-1.118.0.tgz",
      "integrity": "sha512-JpSHFkO6Zs1ylsPW3AXCPKEScWmGIjHJ/uoQC1rhorNVxfijqLjOouSZ4VzNGL4EPvqPBP0aU5ltOK0zPxFpsA==",
      "dependencies": {
        "@openui5/sap.ui.core": "1.118.0"
      }
    },
    "node_modules/@openui5/themelib_sap_belize": {
      "version": "1.118.0",
      "resolved": "https://registry.npmjs.org/@openui5/themelib_sap_belize/-/themelib_sap_belize-1.118.0.tgz",
      "integrity": "sha512-a4sxs0FIwM+romajKcgDFS2QLb5lMjhKot2ccASb0Enfahbe02fs14q2yNHp35n1w5GeRVGmDqMU5UBIPdl7tw=="
    }
  }
}
